{
	"name": "com.hank-tech",
	"version": "0.0.1",
	"lockfileVersion": 1,
	"requires": true,
	"dependencies": {
		"homey-meshdriver": {
			"version": "1.0.0",
			"resolved": "https://registry.npmjs.org/homey-meshdriver/-/homey-meshdriver-1.0.0.tgz",
			"integrity": "sha1-fau6jS0Q7cd8C8LQf9YRvMJq6FQ="
		}
	}
}
